
Microsoft Visual Studio Solution File, Format Version 12.00
# Visual Studio 15
Project("{FAE04EC0-301F-11D3-BF4B-00C04F79EFBC}") = "Assembly-CSharp", "Assembly-CSharp.csproj", "{E0F2C6E7-E47A-BC03-9DE5-E8043F4EA2B7}"
EndProject
Project("{FAE04EC0-301F-11D3-BF4B-00C04F79EFBC}") = "Assembly-CSharp-Editor", "Assembly-CSharp-Editor.csproj", "{D035BD86-703B-1D21-5E19-B051D801C8C7}"
EndProject
Global
	GlobalSection(SolutionConfigurationPlatforms) = preSolution
		Debug|Any CPU = Debug|Any CPU
		Release|Any CPU = Release|Any CPU
	EndGlobalSection
	GlobalSection(ProjectConfigurationPlatforms) = postSolution
		{E0F2C6E7-E47A-BC03-9DE5-E8043F4EA2B7}.Debug|Any CPU.ActiveCfg = Debug|Any CPU
		{E0F2C6E7-E47A-BC03-9DE5-E8043F4EA2B7}.Debug|Any CPU.Build.0 = Debug|Any CPU
		{E0F2C6E7-E47A-BC03-9DE5-E8043F4EA2B7}.Release|Any CPU.ActiveCfg = Release|Any CPU
		{E0F2C6E7-E47A-BC03-9DE5-E8043F4EA2B7}.Release|Any CPU.Build.0 = Release|Any CPU
		{D035BD86-703B-1D21-5E19-B051D801C8C7}.Debug|Any CPU.ActiveCfg = Debug|Any CPU
		{D035BD86-703B-1D21-5E19-B051D801C8C7}.Debug|Any CPU.Build.0 = Debug|Any CPU
		{D035BD86-703B-1D21-5E19-B051D801C8C7}.Release|Any CPU.ActiveCfg = Release|Any CPU
		{D035BD86-703B-1D21-5E19-B051D801C8C7}.Release|Any CPU.Build.0 = Release|Any CPU
	EndGlobalSection
	GlobalSection(SolutionProperties) = preSolution
		HideSolutionNode = FALSE
	EndGlobalSection
EndGlobal
