
Microsoft Visual Studio Solution File, Format Version 12.00
# Visual Studio 15
Project("{FAE04EC0-301F-11D3-BF4B-00C04F79EFBC}") = "Assembly-CSharp", "Assembly-CSharp.csproj", "{2F69D4AA-6458-CB61-AD6A-FAA0118B5DDD}"
EndProject
Project("{FAE04EC0-301F-11D3-BF4B-00C04F79EFBC}") = "Assembly-CSharp-Editor", "Assembly-CSharp-Editor.csproj", "{2465D7E8-48B8-DE4A-4D7F-CF6DADCEC893}"
EndProject
Global
	GlobalSection(SolutionConfigurationPlatforms) = preSolution
		Debug|Any CPU = Debug|Any CPU
		Release|Any CPU = Release|Any CPU
	EndGlobalSection
	GlobalSection(ProjectConfigurationPlatforms) = postSolution
		{2F69D4AA-6458-CB61-AD6A-FAA0118B5DDD}.Debug|Any CPU.ActiveCfg = Debug|Any CPU
		{2F69D4AA-6458-CB61-AD6A-FAA0118B5DDD}.Debug|Any CPU.Build.0 = Debug|Any CPU
		{2F69D4AA-6458-CB61-AD6A-FAA0118B5DDD}.Release|Any CPU.ActiveCfg = Release|Any CPU
		{2F69D4AA-6458-CB61-AD6A-FAA0118B5DDD}.Release|Any CPU.Build.0 = Release|Any CPU
		{2465D7E8-48B8-DE4A-4D7F-CF6DADCEC893}.Debug|Any CPU.ActiveCfg = Debug|Any CPU
		{2465D7E8-48B8-DE4A-4D7F-CF6DADCEC893}.Debug|Any CPU.Build.0 = Debug|Any CPU
		{2465D7E8-48B8-DE4A-4D7F-CF6DADCEC893}.Release|Any CPU.ActiveCfg = Release|Any CPU
		{2465D7E8-48B8-DE4A-4D7F-CF6DADCEC893}.Release|Any CPU.Build.0 = Release|Any CPU
	EndGlobalSection
	GlobalSection(SolutionProperties) = preSolution
		HideSolutionNode = FALSE
	EndGlobalSection
EndGlobal
